
Microsoft Visual Studio Solution File, Format Version 12.00
Project("{2150E333-8FDC-42A3-9474-1A3956D46DE8}") = "misc", "misc", "{4A9ABB95-3762-448B-B5BF-099E46DB22DE}"
ProjectSection(SolutionItems) = preProject
	src\dotnet\Plugin.props = src\dotnet\Plugin.props
	README.md = README.md
	CHANGELOG.md = CHANGELOG.md
	src\rider\main\resources\META-INF\plugin.xml = src\rider\main\resources\META-INF\plugin.xml
	gradle.properties = gradle.properties
EndProjectSection
EndProject
Project("{FAE04EC0-301F-11D3-BF4B-00C04F79EFBC}") = "ReSharperPlugin.DependencyMonkey.Rider", "src\dotnet\ReSharperPlugin.DependencyMonkey\ReSharperPlugin.DependencyMonkey.Rider.csproj", "{B50A6578-D00F-4514-9D0F-5E44F2365E9D}"
EndProject
Project("{FAE04EC0-301F-11D3-BF4B-00C04F79EFBC}") = "ReSharperPlugin.DependencyMonkey.Tests", "src\dotnet\ReSharperPlugin.DependencyMonkey.Tests\ReSharperPlugin.DependencyMonkey.Tests.csproj", "{3DFB1735-E463-4484-A1BA-403022148A44}"
EndProject
Global
	GlobalSection(SolutionConfigurationPlatforms) = preSolution
		Debug|Any CPU = Debug|Any CPU
		Release|Any CPU = Release|Any CPU
	EndGlobalSection
	GlobalSection(ProjectConfigurationPlatforms) = postSolution
		{B50A6578-D00F-4514-9D0F-5E44F2365E9D}.Debug|Any CPU.ActiveCfg = Debug|Any CPU
		{B50A6578-D00F-4514-9D0F-5E44F2365E9D}.Debug|Any CPU.Build.0 = Debug|Any CPU
		{B50A6578-D00F-4514-9D0F-5E44F2365E9D}.Release|Any CPU.ActiveCfg = Release|Any CPU
		{B50A6578-D00F-4514-9D0F-5E44F2365E9D}.Release|Any CPU.Build.0 = Release|Any CPU
		{3DFB1735-E463-4484-A1BA-403022148A44}.Debug|Any CPU.ActiveCfg = Debug|Any CPU
		{3DFB1735-E463-4484-A1BA-403022148A44}.Debug|Any CPU.Build.0 = Debug|Any CPU
		{3DFB1735-E463-4484-A1BA-403022148A44}.Release|Any CPU.ActiveCfg = Release|Any CPU
		{3DFB1735-E463-4484-A1BA-403022148A44}.Release|Any CPU.Build.0 = Release|Any CPU
	EndGlobalSection
EndGlobal
