
Microsoft Visual Studio Solution File, Format Version 12.00
Project("{FAE04EC0-301F-11D3-BF4B-00C04F79EFBC}") = "ClassLibrary1", "ClassLibrary1\ClassLibrary1.csproj", "{C4D99339-4ECE-4EEA-A98C-8C780E4DAE5A}"
EndProject
Global
	GlobalSection(SolutionConfigurationPlatforms) = preSolution
		Debug|Any CPU = Debug|Any CPU
		Release|Any CPU = Release|Any CPU
	EndGlobalSection
	GlobalSection(ProjectConfigurationPlatforms) = postSolution
		{C4D99339-4ECE-4EEA-A98C-8C780E4DAE5A}.Debug|Any CPU.ActiveCfg = Debug|Any CPU
		{C4D99339-4ECE-4EEA-A98C-8C780E4DAE5A}.Debug|Any CPU.Build.0 = Debug|Any CPU
		{C4D99339-4ECE-4EEA-A98C-8C780E4DAE5A}.Release|Any CPU.ActiveCfg = Release|Any CPU
		{C4D99339-4ECE-4EEA-A98C-8C780E4DAE5A}.Release|Any CPU.Build.0 = Release|Any CPU
	EndGlobalSection
EndGlobal
